
Microsoft Visual Studio Solution File, Format Version 12.00
# Visual Studio 2012
Project("{FAE04EC0-301F-11D3-BF4B-00C04F79EFBC}") = "WMS.AcceptanceTests", "WMS.AcceptanceTests\WMS.AcceptanceTests.csproj", "{6080BB3F-C438-41BA-B435-E805EC4E34A4}"
EndProject
Project("{FAE04EC0-301F-11D3-BF4B-00C04F79EFBC}") = "WMS.Web", "WMS.Web\WMS.Web.csproj", "{C98BFD5B-7C98-4693-A25E-44DC94B8A342}"
EndProject
Project("{FAE04EC0-301F-11D3-BF4B-00C04F79EFBC}") = "WMS.DataStore", "WMS.DataStore\WMS.DataStore.csproj", "{3AE43E2A-8872-4C68-8E5A-F371E8BF4414}"
EndProject
Project("{FAE04EC0-301F-11D3-BF4B-00C04F79EFBC}") = "WMS.Domain", "WMS.Domain\WMS.Domain.csproj", "{E900693F-C949-4FEE-A8BE-EA8C4D520C74}"
EndProject
Global
	GlobalSection(SolutionConfigurationPlatforms) = preSolution
		Debug|Any CPU = Debug|Any CPU
		Release|Any CPU = Release|Any CPU
	EndGlobalSection
	GlobalSection(ProjectConfigurationPlatforms) = postSolution
		{6080BB3F-C438-41BA-B435-E805EC4E34A4}.Debug|Any CPU.ActiveCfg = Debug|Any CPU
		{6080BB3F-C438-41BA-B435-E805EC4E34A4}.Debug|Any CPU.Build.0 = Debug|Any CPU
		{6080BB3F-C438-41BA-B435-E805EC4E34A4}.Release|Any CPU.ActiveCfg = Release|Any CPU
		{6080BB3F-C438-41BA-B435-E805EC4E34A4}.Release|Any CPU.Build.0 = Release|Any CPU
		{C98BFD5B-7C98-4693-A25E-44DC94B8A342}.Debug|Any CPU.ActiveCfg = Debug|Any CPU
		{C98BFD5B-7C98-4693-A25E-44DC94B8A342}.Debug|Any CPU.Build.0 = Debug|Any CPU
		{C98BFD5B-7C98-4693-A25E-44DC94B8A342}.Release|Any CPU.ActiveCfg = Release|Any CPU
		{C98BFD5B-7C98-4693-A25E-44DC94B8A342}.Release|Any CPU.Build.0 = Release|Any CPU
		{3AE43E2A-8872-4C68-8E5A-F371E8BF4414}.Debug|Any CPU.ActiveCfg = Debug|Any CPU
		{3AE43E2A-8872-4C68-8E5A-F371E8BF4414}.Debug|Any CPU.Build.0 = Debug|Any CPU
		{3AE43E2A-8872-4C68-8E5A-F371E8BF4414}.Release|Any CPU.ActiveCfg = Release|Any CPU
		{3AE43E2A-8872-4C68-8E5A-F371E8BF4414}.Release|Any CPU.Build.0 = Release|Any CPU
		{E900693F-C949-4FEE-A8BE-EA8C4D520C74}.Debug|Any CPU.ActiveCfg = Debug|Any CPU
		{E900693F-C949-4FEE-A8BE-EA8C4D520C74}.Debug|Any CPU.Build.0 = Debug|Any CPU
		{E900693F-C949-4FEE-A8BE-EA8C4D520C74}.Release|Any CPU.ActiveCfg = Release|Any CPU
		{E900693F-C949-4FEE-A8BE-EA8C4D520C74}.Release|Any CPU.Build.0 = Release|Any CPU
	EndGlobalSection
	GlobalSection(SolutionProperties) = preSolution
		HideSolutionNode = FALSE
	EndGlobalSection
EndGlobal
